
Microsoft Visual Studio Solution File, Format Version 12.00
# Visual Studio Version 16
VisualStudioVersion = 16.0.29613.14
MinimumVisualStudioVersion = 10.0.40219.1
Project("{FAE04EC0-301F-11D3-BF4B-00C04F79EFBC}") = "VideoShell.UWP", "VideoShell.UWP\VideoShell.UWP.csproj", "{05FC4B11-0B11-44A1-96CE-3FB0E9C24E11}"
EndProject
Project("{FAE04EC0-301F-11D3-BF4B-00C04F79EFBC}") = "VideoShell.Android", "VideoShell.Android\VideoShell.Android.csproj", "{AEA7AF33-62C1-4FBD-A49C-E94A12BC3345}"
EndProject
Project("{9A19103F-16F7-4668-BE54-9A1E7A4F7556}") = "VideoShell", "VideoShell\VideoShell.csproj", "{7732C021-8EC8-47E2-A894-884257899DDD}"
EndProject
Project("{FAE04EC0-301F-11D3-BF4B-00C04F79EFBC}") = "VideoShell.Extension.Abstraction", "VideoShell.Extension.Abstraction\VideoShell.Extension.Abstraction.csproj", "{0906F196-F786-410A-8B03-936955F31DFB}"
EndProject
Project("{FAE04EC0-301F-11D3-BF4B-00C04F79EFBC}") = "VideoShell.Extension.YaoShe92", "VideoShell.Extension.YaoShe92\VideoShell.Extension.YaoShe92.csproj", "{C8DEEDE7-CB14-495A-B4A8-95495E075647}"
EndProject
Global
	GlobalSection(SolutionConfigurationPlatforms) = preSolution
		Debug|Any CPU = Debug|Any CPU
		Debug|ARM = Debug|ARM
		Debug|iPhone = Debug|iPhone
		Debug|iPhoneSimulator = Debug|iPhoneSimulator
		Debug|x64 = Debug|x64
		Debug|x86 = Debug|x86
		Release|Any CPU = Release|Any CPU
		Release|ARM = Release|ARM
		Release|iPhone = Release|iPhone
		Release|iPhoneSimulator = Release|iPhoneSimulator
		Release|x64 = Release|x64
		Release|x86 = Release|x86
	EndGlobalSection
	GlobalSection(ProjectConfigurationPlatforms) = postSolution
		{05FC4B11-0B11-44A1-96CE-3FB0E9C24E11}.Debug|Any CPU.ActiveCfg = Debug|x86
		{05FC4B11-0B11-44A1-96CE-3FB0E9C24E11}.Debug|Any CPU.Build.0 = Debug|x86
		{05FC4B11-0B11-44A1-96CE-3FB0E9C24E11}.Debug|Any CPU.Deploy.0 = Debug|x86
		{05FC4B11-0B11-44A1-96CE-3FB0E9C24E11}.Debug|ARM.ActiveCfg = Debug|ARM
		{05FC4B11-0B11-44A1-96CE-3FB0E9C24E11}.Debug|ARM.Build.0 = Debug|ARM
		{05FC4B11-0B11-44A1-96CE-3FB0E9C24E11}.Debug|ARM.Deploy.0 = Debug|ARM
		{05FC4B11-0B11-44A1-96CE-3FB0E9C24E11}.Debug|iPhone.ActiveCfg = Debug|x86
		{05FC4B11-0B11-44A1-96CE-3FB0E9C24E11}.Debug|iPhone.Build.0 = Debug|x86
		{05FC4B11-0B11-44A1-96CE-3FB0E9C24E11}.Debug|iPhone.Deploy.0 = Debug|x86
		{05FC4B11-0B11-44A1-96CE-3FB0E9C24E11}.Debug|iPhoneSimulator.ActiveCfg = Debug|x86
		{05FC4B11-0B11-44A1-96CE-3FB0E9C24E11}.Debug|iPhoneSimulator.Build.0 = Debug|x86
		{05FC4B11-0B11-44A1-96CE-3FB0E9C24E11}.Debug|iPhoneSimulator.Deploy.0 = Debug|x86
		{05FC4B11-0B11-44A1-96CE-3FB0E9C24E11}.Debug|x64.ActiveCfg = Debug|x64
		{05FC4B11-0B11-44A1-96CE-3FB0E9C24E11}.Debug|x64.Build.0 = Debug|x64
		{05FC4B11-0B11-44A1-96CE-3FB0E9C24E11}.Debug|x64.Deploy.0 = Debug|x64
		{05FC4B11-0B11-44A1-96CE-3FB0E9C24E11}.Debug|x86.ActiveCfg = Debug|x86
		{05FC4B11-0B11-44A1-96CE-3FB0E9C24E11}.Debug|x86.Build.0 = Debug|x86
		{05FC4B11-0B11-44A1-96CE-3FB0E9C24E11}.Debug|x86.Deploy.0 = Debug|x86
		{05FC4B11-0B11-44A1-96CE-3FB0E9C24E11}.Release|Any CPU.ActiveCfg = Release|x86
		{05FC4B11-0B11-44A1-96CE-3FB0E9C24E11}.Release|Any CPU.Build.0 = Release|x86
		{05FC4B11-0B11-44A1-96CE-3FB0E9C24E11}.Release|Any CPU.Deploy.0 = Release|x86
		{05FC4B11-0B11-44A1-96CE-3FB0E9C24E11}.Release|ARM.ActiveCfg = Release|ARM
		{05FC4B11-0B11-44A1-96CE-3FB0E9C24E11}.Release|ARM.Build.0 = Release|ARM
		{05FC4B11-0B11-44A1-96CE-3FB0E9C24E11}.Release|ARM.Deploy.0 = Release|ARM
		{05FC4B11-0B11-44A1-96CE-3FB0E9C24E11}.Release|iPhone.ActiveCfg = Release|x86
		{05FC4B11-0B11-44A1-96CE-3FB0E9C24E11}.Release|iPhone.Build.0 = Release|x86
		{05FC4B11-0B11-44A1-96CE-3FB0E9C24E11}.Release|iPhone.Deploy.0 = Release|x86
		{05FC4B11-0B11-44A1-96CE-3FB0E9C24E11}.Release|iPhoneSimulator.ActiveCfg = Release|x86
		{05FC4B11-0B11-44A1-96CE-3FB0E9C24E11}.Release|iPhoneSimulator.Build.0 = Release|x86
		{05FC4B11-0B11-44A1-96CE-3FB0E9C24E11}.Release|iPhoneSimulator.Deploy.0 = Release|x86
		{05FC4B11-0B11-44A1-96CE-3FB0E9C24E11}.Release|x64.ActiveCfg = Release|x64
		{05FC4B11-0B11-44A1-96CE-3FB0E9C24E11}.Release|x64.Build.0 = Release|x64
		{05FC4B11-0B11-44A1-96CE-3FB0E9C24E11}.Release|x64.Deploy.0 = Release|x64
		{05FC4B11-0B11-44A1-96CE-3FB0E9C24E11}.Release|x86.ActiveCfg = Release|x86
		{05FC4B11-0B11-44A1-96CE-3FB0E9C24E11}.Release|x86.Build.0 = Release|x86
		{05FC4B11-0B11-44A1-96CE-3FB0E9C24E11}.Release|x86.Deploy.0 = Release|x86
		{AEA7AF33-62C1-4FBD-A49C-E94A12BC3345}.Debug|Any CPU.ActiveCfg = Debug|Any CPU
		{AEA7AF33-62C1-4FBD-A49C-E94A12BC3345}.Debug|Any CPU.Build.0 = Debug|Any CPU
		{AEA7AF33-62C1-4FBD-A49C-E94A12BC3345}.Debug|Any CPU.Deploy.0 = Debug|Any CPU
		{AEA7AF33-62C1-4FBD-A49C-E94A12BC3345}.Debug|ARM.ActiveCfg = Debug|Any CPU
		{AEA7AF33-62C1-4FBD-A49C-E94A12BC3345}.Debug|ARM.Build.0 = Debug|Any CPU
		{AEA7AF33-62C1-4FBD-A49C-E94A12BC3345}.Debug|ARM.Deploy.0 = Debug|Any CPU
		{AEA7AF33-62C1-4FBD-A49C-E94A12BC3345}.Debug|iPhone.ActiveCfg = Debug|Any CPU
		{AEA7AF33-62C1-4FBD-A49C-E94A12BC3345}.Debug|iPhone.Build.0 = Debug|Any CPU
		{AEA7AF33-62C1-4FBD-A49C-E94A12BC3345}.Debug|iPhone.Deploy.0 = Debug|Any CPU
		{AEA7AF33-62C1-4FBD-A49C-E94A12BC3345}.Debug|iPhoneSimulator.ActiveCfg = Debug|Any CPU
		{AEA7AF33-62C1-4FBD-A49C-E94A12BC3345}.Debug|iPhoneSimulator.Build.0 = Debug|Any CPU
		{AEA7AF33-62C1-4FBD-A49C-E94A12BC3345}.Debug|iPhoneSimulator.Deploy.0 = Debug|Any CPU
		{AEA7AF33-62C1-4FBD-A49C-E94A12BC3345}.Debug|x64.ActiveCfg = Debug|Any CPU
		{AEA7AF33-62C1-4FBD-A49C-E94A12BC3345}.Debug|x64.Build.0 = Debug|Any CPU
		{AEA7AF33-62C1-4FBD-A49C-E94A12BC3345}.Debug|x64.Deploy.0 = Debug|Any CPU
		{AEA7AF33-62C1-4FBD-A49C-E94A12BC3345}.Debug|x86.ActiveCfg = Debug|Any CPU
		{AEA7AF33-62C1-4FBD-A49C-E94A12BC3345}.Debug|x86.Build.0 = Debug|Any CPU
		{AEA7AF33-62C1-4FBD-A49C-E94A12BC3345}.Debug|x86.Deploy.0 = Debug|Any CPU
		{AEA7AF33-62C1-4FBD-A49C-E94A12BC3345}.Release|Any CPU.ActiveCfg = Release|Any CPU
		{AEA7AF33-62C1-4FBD-A49C-E94A12BC3345}.Release|Any CPU.Build.0 = Release|Any CPU
		{AEA7AF33-62C1-4FBD-A49C-E94A12BC3345}.Release|Any CPU.Deploy.0 = Release|Any CPU
		{AEA7AF33-62C1-4FBD-A49C-E94A12BC3345}.Release|ARM.ActiveCfg = Release|Any CPU
		{AEA7AF33-62C1-4FBD-A49C-E94A12BC3345}.Release|ARM.Build.0 = Release|Any CPU
		{AEA7AF33-62C1-4FBD-A49C-E94A12BC3345}.Release|ARM.Deploy.0 = Release|Any CPU
		{AEA7AF33-62C1-4FBD-A49C-E94A12BC3345}.Release|iPhone.ActiveCfg = Release|Any CPU
		{AEA7AF33-62C1-4FBD-A49C-E94A12BC3345}.Release|iPhone.Build.0 = Release|Any CPU
		{AEA7AF33-62C1-4FBD-A49C-E94A12BC3345}.Release|iPhone.Deploy.0 = Release|Any CPU
		{AEA7AF33-62C1-4FBD-A49C-E94A12BC3345}.Release|iPhoneSimulator.ActiveCfg = Release|Any CPU
		{AEA7AF33-62C1-4FBD-A49C-E94A12BC3345}.Release|iPhoneSimulator.Build.0 = Release|Any CPU
		{AEA7AF33-62C1-4FBD-A49C-E94A12BC3345}.Release|iPhoneSimulator.Deploy.0 = Release|Any CPU
		{AEA7AF33-62C1-4FBD-A49C-E94A12BC3345}.Release|x64.ActiveCfg = Release|Any CPU
		{AEA7AF33-62C1-4FBD-A49C-E94A12BC3345}.Release|x64.Build.0 = Release|Any CPU
		{AEA7AF33-62C1-4FBD-A49C-E94A12BC3345}.Release|x64.Deploy.0 = Release|Any CPU
		{AEA7AF33-62C1-4FBD-A49C-E94A12BC3345}.Release|x86.ActiveCfg = Release|Any CPU
		{AEA7AF33-62C1-4FBD-A49C-E94A12BC3345}.Release|x86.Build.0 = Release|Any CPU
		{AEA7AF33-62C1-4FBD-A49C-E94A12BC3345}.Release|x86.Deploy.0 = Release|Any CPU
		{7732C021-8EC8-47E2-A894-884257899DDD}.Debug|Any CPU.ActiveCfg = Debug|Any CPU
		{7732C021-8EC8-47E2-A894-884257899DDD}.Debug|Any CPU.Build.0 = Debug|Any CPU
		{7732C021-8EC8-47E2-A894-884257899DDD}.Debug|Any CPU.Deploy.0 = Debug|Any CPU
		{7732C021-8EC8-47E2-A894-884257899DDD}.Debug|ARM.ActiveCfg = Debug|Any CPU
		{7732C021-8EC8-47E2-A894-884257899DDD}.Debug|ARM.Build.0 = Debug|Any CPU
		{7732C021-8EC8-47E2-A894-884257899DDD}.Debug|ARM.Deploy.0 = Debug|Any CPU
		{7732C021-8EC8-47E2-A894-884257899DDD}.Debug|iPhone.ActiveCfg = Debug|Any CPU
		{7732C021-8EC8-47E2-A894-884257899DDD}.Debug|iPhone.Build.0 = Debug|Any CPU
		{7732C021-8EC8-47E2-A894-884257899DDD}.Debug|iPhone.Deploy.0 = Debug|Any CPU
		{7732C021-8EC8-47E2-A894-884257899DDD}.Debug|iPhoneSimulator.ActiveCfg = Debug|Any CPU
		{7732C021-8EC8-47E2-A894-884257899DDD}.Debug|iPhoneSimulator.Build.0 = Debug|Any CPU
		{7732C021-8EC8-47E2-A894-884257899DDD}.Debug|iPhoneSimulator.Deploy.0 = Debug|Any CPU
		{7732C021-8EC8-47E2-A894-884257899DDD}.Debug|x64.ActiveCfg = Debug|Any CPU
		{7732C021-8EC8-47E2-A894-884257899DDD}.Debug|x64.Build.0 = Debug|Any CPU
		{7732C021-8EC8-47E2-A894-884257899DDD}.Debug|x64.Deploy.0 = Debug|Any CPU
		{7732C021-8EC8-47E2-A894-884257899DDD}.Debug|x86.ActiveCfg = Debug|Any CPU
		{7732C021-8EC8-47E2-A894-884257899DDD}.Debug|x86.Build.0 = Debug|Any CPU
		{7732C021-8EC8-47E2-A894-884257899DDD}.Debug|x86.Deploy.0 = Debug|Any CPU
		{7732C021-8EC8-47E2-A894-884257899DDD}.Release|Any CPU.ActiveCfg = Release|Any CPU
		{7732C021-8EC8-47E2-A894-884257899DDD}.Release|Any CPU.Build.0 = Release|Any CPU
		{7732C021-8EC8-47E2-A894-884257899DDD}.Release|Any CPU.Deploy.0 = Release|Any CPU
		{7732C021-8EC8-47E2-A894-884257899DDD}.Release|ARM.ActiveCfg = Release|Any CPU
		{7732C021-8EC8-47E2-A894-884257899DDD}.Release|ARM.Build.0 = Release|Any CPU
		{7732C021-8EC8-47E2-A894-884257899DDD}.Release|ARM.Deploy.0 = Release|Any CPU
		{7732C021-8EC8-47E2-A894-884257899DDD}.Release|iPhone.ActiveCfg = Release|Any CPU
		{7732C021-8EC8-47E2-A894-884257899DDD}.Release|iPhone.Build.0 = Release|Any CPU
		{7732C021-8EC8-47E2-A894-884257899DDD}.Release|iPhone.Deploy.0 = Release|Any CPU
		{7732C021-8EC8-47E2-A894-884257899DDD}.Release|iPhoneSimulator.ActiveCfg = Release|Any CPU
		{7732C021-8EC8-47E2-A894-884257899DDD}.Release|iPhoneSimulator.Build.0 = Release|Any CPU
		{7732C021-8EC8-47E2-A894-884257899DDD}.Release|iPhoneSimulator.Deploy.0 = Release|Any CPU
		{7732C021-8EC8-47E2-A894-884257899DDD}.Release|x64.ActiveCfg = Release|Any CPU
		{7732C021-8EC8-47E2-A894-884257899DDD}.Release|x64.Build.0 = Release|Any CPU
		{7732C021-8EC8-47E2-A894-884257899DDD}.Release|x64.Deploy.0 = Release|Any CPU
		{7732C021-8EC8-47E2-A894-884257899DDD}.Release|x86.ActiveCfg = Release|Any CPU
		{7732C021-8EC8-47E2-A894-884257899DDD}.Release|x86.Build.0 = Release|Any CPU
		{7732C021-8EC8-47E2-A894-884257899DDD}.Release|x86.Deploy.0 = Release|Any CPU
		{0906F196-F786-410A-8B03-936955F31DFB}.Debug|Any CPU.ActiveCfg = Debug|Any CPU
		{0906F196-F786-410A-8B03-936955F31DFB}.Debug|Any CPU.Build.0 = Debug|Any CPU
		{0906F196-F786-410A-8B03-936955F31DFB}.Debug|ARM.ActiveCfg = Debug|Any CPU
		{0906F196-F786-410A-8B03-936955F31DFB}.Debug|ARM.Build.0 = Debug|Any CPU
		{0906F196-F786-410A-8B03-936955F31DFB}.Debug|iPhone.ActiveCfg = Debug|Any CPU
		{0906F196-F786-410A-8B03-936955F31DFB}.Debug|iPhone.Build.0 = Debug|Any CPU
		{0906F196-F786-410A-8B03-936955F31DFB}.Debug|iPhoneSimulator.ActiveCfg = Debug|Any CPU
		{0906F196-F786-410A-8B03-936955F31DFB}.Debug|iPhoneSimulator.Build.0 = Debug|Any CPU
		{0906F196-F786-410A-8B03-936955F31DFB}.Debug|x64.ActiveCfg = Debug|Any CPU
		{0906F196-F786-410A-8B03-936955F31DFB}.Debug|x64.Build.0 = Debug|Any CPU
		{0906F196-F786-410A-8B03-936955F31DFB}.Debug|x86.ActiveCfg = Debug|Any CPU
		{0906F196-F786-410A-8B03-936955F31DFB}.Debug|x86.Build.0 = Debug|Any CPU
		{0906F196-F786-410A-8B03-936955F31DFB}.Release|Any CPU.ActiveCfg = Release|Any CPU
		{0906F196-F786-410A-8B03-936955F31DFB}.Release|Any CPU.Build.0 = Release|Any CPU
		{0906F196-F786-410A-8B03-936955F31DFB}.Release|ARM.ActiveCfg = Release|Any CPU
		{0906F196-F786-410A-8B03-936955F31DFB}.Release|ARM.Build.0 = Release|Any CPU
		{0906F196-F786-410A-8B03-936955F31DFB}.Release|iPhone.ActiveCfg = Release|Any CPU
		{0906F196-F786-410A-8B03-936955F31DFB}.Release|iPhone.Build.0 = Release|Any CPU
		{0906F196-F786-410A-8B03-936955F31DFB}.Release|iPhoneSimulator.ActiveCfg = Release|Any CPU
		{0906F196-F786-410A-8B03-936955F31DFB}.Release|iPhoneSimulator.Build.0 = Release|Any CPU
		{0906F196-F786-410A-8B03-936955F31DFB}.Release|x64.ActiveCfg = Release|Any CPU
		{0906F196-F786-410A-8B03-936955F31DFB}.Release|x64.Build.0 = Release|Any CPU
		{0906F196-F786-410A-8B03-936955F31DFB}.Release|x86.ActiveCfg = Release|Any CPU
		{0906F196-F786-410A-8B03-936955F31DFB}.Release|x86.Build.0 = Release|Any CPU
		{C8DEEDE7-CB14-495A-B4A8-95495E075647}.Debug|Any CPU.ActiveCfg = Debug|Any CPU
		{C8DEEDE7-CB14-495A-B4A8-95495E075647}.Debug|Any CPU.Build.0 = Debug|Any CPU
		{C8DEEDE7-CB14-495A-B4A8-95495E075647}.Debug|ARM.ActiveCfg = Debug|Any CPU
		{C8DEEDE7-CB14-495A-B4A8-95495E075647}.Debug|ARM.Build.0 = Debug|Any CPU
		{C8DEEDE7-CB14-495A-B4A8-95495E075647}.Debug|iPhone.ActiveCfg = Debug|Any CPU
		{C8DEEDE7-CB14-495A-B4A8-95495E075647}.Debug|iPhone.Build.0 = Debug|Any CPU
		{C8DEEDE7-CB14-495A-B4A8-95495E075647}.Debug|iPhoneSimulator.ActiveCfg = Debug|Any CPU
		{C8DEEDE7-CB14-495A-B4A8-95495E075647}.Debug|iPhoneSimulator.Build.0 = Debug|Any CPU
		{C8DEEDE7-CB14-495A-B4A8-95495E075647}.Debug|x64.ActiveCfg = Debug|Any CPU
		{C8DEEDE7-CB14-495A-B4A8-95495E075647}.Debug|x64.Build.0 = Debug|Any CPU
		{C8DEEDE7-CB14-495A-B4A8-95495E075647}.Debug|x86.ActiveCfg = Debug|Any CPU
		{C8DEEDE7-CB14-495A-B4A8-95495E075647}.Debug|x86.Build.0 = Debug|Any CPU
		{C8DEEDE7-CB14-495A-B4A8-95495E075647}.Release|Any CPU.ActiveCfg = Release|Any CPU
		{C8DEEDE7-CB14-495A-B4A8-95495E075647}.Release|Any CPU.Build.0 = Release|Any CPU
		{C8DEEDE7-CB14-495A-B4A8-95495E075647}.Release|ARM.ActiveCfg = Release|Any CPU
		{C8DEEDE7-CB14-495A-B4A8-95495E075647}.Release|ARM.Build.0 = Release|Any CPU
		{C8DEEDE7-CB14-495A-B4A8-95495E075647}.Release|iPhone.ActiveCfg = Release|Any CPU
		{C8DEEDE7-CB14-495A-B4A8-95495E075647}.Release|iPhone.Build.0 = Release|Any CPU
		{C8DEEDE7-CB14-495A-B4A8-95495E075647}.Release|iPhoneSimulator.ActiveCfg = Release|Any CPU
		{C8DEEDE7-CB14-495A-B4A8-95495E075647}.Release|iPhoneSimulator.Build.0 = Release|Any CPU
		{C8DEEDE7-CB14-495A-B4A8-95495E075647}.Release|x64.ActiveCfg = Release|Any CPU
		{C8DEEDE7-CB14-495A-B4A8-95495E075647}.Release|x64.Build.0 = Release|Any CPU
		{C8DEEDE7-CB14-495A-B4A8-95495E075647}.Release|x86.ActiveCfg = Release|Any CPU
		{C8DEEDE7-CB14-495A-B4A8-95495E075647}.Release|x86.Build.0 = Release|Any CPU
	EndGlobalSection
	GlobalSection(SolutionProperties) = preSolution
		HideSolutionNode = FALSE
	EndGlobalSection
	GlobalSection(ExtensibilityGlobals) = postSolution
		SolutionGuid = {0CACC42C-A797-4ED7-9CEF-81DC8C84BBE5}
	EndGlobalSection
EndGlobal
